// !$*UTF8*$!
{
	archiveVersion = 1;
	classes = {
	};
	objectVersion = 50;
	objects = {

/* Begin PBXBuildFile section */
		C445EED1216E86B800851939 /* NameThatColor.framework in Frameworks */ = {isa = PBXBuildFile; fileRef = C445EEC7216E86B800851939 /* NameThatColor.framework */; };
		C445EED6216E86B800851939 /* NameThatColorTests.swift in Sources */ = {isa = PBXBuildFile; fileRef = C445EED5216E86B800851939 /* NameThatColorTests.swift */; };
		C445EED8216E86B800851939 /* NameThatColor.h in Headers */ = {isa = PBXBuildFile; fileRef = C445EECA216E86B800851939 /* NameThatColor.h */; settings = {ATTRIBUTES = (Public, ); }; };
		C445EEE2216E86F200851939 /* NameThatColor.swift in Sources */ = {isa = PBXBuildFile; fileRef = C445EEE1216E86F200851939 /* NameThatColor.swift */; };
		C445EEE5216E885A00851939 /* NameList.swift in Sources */ = {isa = PBXBuildFile; fileRef = C445EEE4216E885A00851939 /* NameList.swift */; };
		C445EEE7216F43CA00851939 /* TestWebView.swift in Sources */ = {isa = PBXBuildFile; fileRef = C445EEE6216F43CA00851939 /* TestWebView.swift */; };
		C445EEE9216F44A400851939 /* UIColor+Extension.swift in Sources */ = {isa = PBXBuildFile; fileRef = C445EEE8216F44A400851939 /* UIColor+Extension.swift */; };
		C4918493221AF3AE00839454 /* README.md in Resources */ = {isa = PBXBuildFile; fileRef = C4918492221AF3AE00839454 /* README.md */; };
/* End PBXBuildFile section */

/* Begin PBXContainerItemProxy section */
		C445EED2216E86B800851939 /* PBXContainerItemProxy */ = {
			isa = PBXContainerItemProxy;
			containerPortal = C445EEBE216E86B800851939 /* Project object */;
			proxyType = 1;
			remoteGlobalIDString = C445EEC6216E86B800851939;
			remoteInfo = NameThatColor;
		};
/* End PBXContainerItemProxy section */

/* Begin PBXFileReference section */
		C445EEC7216E86B800851939 /* NameThatColor.framework */ = {isa = PBXFileReference; explicitFileType = wrapper.framework; includeInIndex = 0; path = NameThatColor.framework; sourceTree = BUILT_PRODUCTS_DIR; };
		C445EECA216E86B800851939 /* NameThatColor.h */ = {isa = PBXFileReference; lastKnownFileType = sourcecode.c.h; path = NameThatColor.h; sourceTree = "<group>"; };
		C445EECB216E86B800851939 /* Info.plist */ = {isa = PBXFileReference; lastKnownFileType = text.plist.xml; path = Info.plist; sourceTree = "<group>"; };
		C445EED0216E86B800851939 /* NameThatColorTests.xctest */ = {isa = PBXFileReference; explicitFileType = wrapper.cfbundle; includeInIndex = 0; path = NameThatColorTests.xctest; sourceTree = BUILT_PRODUCTS_DIR; };
		C445EED5216E86B800851939 /* NameThatColorTests.swift */ = {isa = PBXFileReference; lastKnownFileType = sourcecode.swift; path = NameThatColorTests.swift; sourceTree = "<group>"; };
		C445EED7216E86B800851939 /* Info.plist */ = {isa = PBXFileReference; lastKnownFileType = text.plist.xml; path = Info.plist; sourceTree = "<group>"; };
		C445EEE1216E86F200851939 /* NameThatColor.swift */ = {isa = PBXFileReference; lastKnownFileType = sourcecode.swift; path = NameThatColor.swift; sourceTree = "<group>"; };
		C445EEE3216E877600851939 /* update_list.sh */ = {isa = PBXFileReference; lastKnownFileType = text.script.sh; path = update_list.sh; sourceTree = "<group>"; };
		C445EEE4216E885A00851939 /* NameList.swift */ = {isa = PBXFileReference; fileEncoding = 4; lastKnownFileType = sourcecode.swift; path = NameList.swift; sourceTree = "<group>"; };
		C445EEE6216F43CA00851939 /* TestWebView.swift */ = {isa = PBXFileReference; lastKnownFileType = sourcecode.swift; path = TestWebView.swift; sourceTree = "<group>"; };
		C445EEE8216F44A400851939 /* UIColor+Extension.swift */ = {isa = PBXFileReference; lastKnownFileType = sourcecode.swift; path = "UIColor+Extension.swift"; sourceTree = "<group>"; };
		C4918492221AF3AE00839454 /* README.md */ = {isa = PBXFileReference; fileEncoding = 4; lastKnownFileType = net.daringfireball.markdown; path = README.md; sourceTree = "<group>"; };
/* End PBXFileReference section */

/* Begin PBXFrameworksBuildPhase section */
		C445EEC4216E86B800851939 /* Frameworks */ = {
			isa = PBXFrameworksBuildPhase;
			buildActionMask = 2147483647;
			files = (
			);
			runOnlyForDeploymentPostprocessing = 0;
		};
		C445EECD216E86B800851939 /* Frameworks */ = {
			isa = PBXFrameworksBuildPhase;
			buildActionMask = 2147483647;
			files = (
				C445EED1216E86B800851939 /* NameThatColor.framework in Frameworks */,
			);
			runOnlyForDeploymentPostprocessing = 0;
		};
/* End PBXFrameworksBuildPhase section */

/* Begin PBXGroup section */
		C445EEBD216E86B800851939 = {
			isa = PBXGroup;
			children = (
				C4918492221AF3AE00839454 /* README.md */,
				C445EEC9216E86B800851939 /* NameThatColor */,
				C445EED4216E86B800851939 /* NameThatColorTests */,
				C445EEC8216E86B800851939 /* Products */,
			);
			sourceTree = "<group>";
		};
		C445EEC8216E86B800851939 /* Products */ = {
			isa = PBXGroup;
			children = (
				C445EEC7216E86B800851939 /* NameThatColor.framework */,
				C445EED0216E86B800851939 /* NameThatColorTests.xctest */,
			);
			name = Products;
			sourceTree = "<group>";
		};
		C445EEC9216E86B800851939 /* NameThatColor */ = {
			isa = PBXGroup;
			children = (
				C445EECA216E86B800851939 /* NameThatColor.h */,
				C445EECB216E86B800851939 /* Info.plist */,
				C445EEE1216E86F200851939 /* NameThatColor.swift */,
				C445EEE4216E885A00851939 /* NameList.swift */,
				C445EEE3216E877600851939 /* update_list.sh */,
			);
			path = NameThatColor;
			sourceTree = "<group>";
		};
		C445EED4216E86B800851939 /* NameThatColorTests */ = {
			isa = PBXGroup;
			children = (
				C445EED7216E86B800851939 /* Info.plist */,
				C445EED5216E86B800851939 /* NameThatColorTests.swift */,
				C445EEE6216F43CA00851939 /* TestWebView.swift */,
				C445EEE8216F44A400851939 /* UIColor+Extension.swift */,
			);
			path = NameThatColorTests;
			sourceTree = "<group>";
		};
/* End PBXGroup section */

/* Begin PBXHeadersBuildPhase section */
		C445EEC2216E86B800851939 /* Headers */ = {
			isa = PBXHeadersBuildPhase;
			buildActionMask = 2147483647;
			files = (
				C445EED8216E86B800851939 /* NameThatColor.h in Headers */,
			);
			runOnlyForDeploymentPostprocessing = 0;
		};
/* End PBXHeadersBuildPhase section */

/* Begin PBXNativeTarget section */
		C445EEC6216E86B800851939 /* NameThatColor */ = {
			isa = PBXNativeTarget;
			buildConfigurationList = C445EEDB216E86B800851939 /* Build configuration list for PBXNativeTarget "NameThatColor" */;
			buildPhases = (
				C445EEC2216E86B800851939 /* Headers */,
				C445EEC3216E86B800851939 /* Sources */,
				C445EEC4216E86B800851939 /* Frameworks */,
				C445EEC5216E86B800851939 /* Resources */,
			);
			buildRules = (
			);
			dependencies = (
			);
			name = NameThatColor;
			productName = NameThatColor;
			productReference = C445EEC7216E86B800851939 /* NameThatColor.framework */;
			productType = "com.apple.product-type.framework";
		};
		C445EECF216E86B800851939 /* NameThatColorTests */ = {
			isa = PBXNativeTarget;
			buildConfigurationList = C445EEDE216E86B800851939 /* Build configuration list for PBXNativeTarget "NameThatColorTests" */;
			buildPhases = (
				C445EECC216E86B800851939 /* Sources */,
				C445EECD216E86B800851939 /* Frameworks */,
				C445EECE216E86B800851939 /* Resources */,
			);
			buildRules = (
			);
			dependencies = (
				C445EED3216E86B800851939 /* PBXTargetDependency */,
			);
			name = NameThatColorTests;
			productName = NameThatColorTests;
			productReference = C445EED0216E86B800851939 /* NameThatColorTests.xctest */;
			productType = "com.apple.product-type.bundle.unit-test";
		};
/* End PBXNativeTarget section */

/* Begin PBXProject section */
		C445EEBE216E86B800851939 /* Project object */ = {
			isa = PBXProject;
			attributes = {
				LastSwiftUpdateCheck = 1000;
				LastUpgradeCheck = 1000;
				ORGANIZATIONNAME = "David Everlöf";
				TargetAttributes = {
					C445EEC6216E86B800851939 = {
						CreatedOnToolsVersion = 10.0;
						LastSwiftMigration = 1000;
					};
					C445EECF216E86B800851939 = {
						CreatedOnToolsVersion = 10.0;
					};
				};
			};
			buildConfigurationList = C445EEC1216E86B800851939 /* Build configuration list for PBXProject "NameThatColor" */;
			compatibilityVersion = "Xcode 9.3";
			developmentRegion = en;
			hasScannedForEncodings = 0;
			knownRegions = (
				en,
			);
			mainGroup = C445EEBD216E86B800851939;
			productRefGroup = C445EEC8216E86B800851939 /* Products */;
			projectDirPath = "";
			projectRoot = "";
			targets = (
				C445EEC6216E86B800851939 /* NameThatColor */,
				C445EECF216E86B800851939 /* NameThatColorTests */,
			);
		};
/* End PBXProject section */

/* Begin PBXResourcesBuildPhase section */
		C445EEC5216E86B800851939 /* Resources */ = {
			isa = PBXResourcesBuildPhase;
			buildActionMask = 2147483647;
			files = (
				C4918493221AF3AE00839454 /* README.md in Resources */,
			);
			runOnlyForDeploymentPostprocessing = 0;
		};
		C445EECE216E86B800851939 /* Resources */ = {
			isa = PBXResourcesBuildPhase;
			buildActionMask = 2147483647;
			files = (
			);
			runOnlyForDeploymentPostprocessing = 0;
		};
/* End PBXResourcesBuildPhase section */

/* Begin PBXSourcesBuildPhase section */
		C445EEC3216E86B800851939 /* Sources */ = {
			isa = PBXSourcesBuildPhase;
			buildActionMask = 2147483647;
			files = (
				C445EEE5216E885A00851939 /* NameList.swift in Sources */,
				C445EEE2216E86F200851939 /* NameThatColor.swift in Sources */,
			);
			runOnlyForDeploymentPostprocessing = 0;
		};
		C445EECC216E86B800851939 /* Sources */ = {
			isa = PBXSourcesBuildPhase;
			buildActionMask = 2147483647;
			files = (
				C445EEE9216F44A400851939 /* UIColor+Extension.swift in Sources */,
				C445EED6216E86B800851939 /* NameThatColorTests.swift in Sources */,
				C445EEE7216F43CA00851939 /* TestWebView.swift in Sources */,
			);
			runOnlyForDeploymentPostprocessing = 0;
		};
/* End PBXSourcesBuildPhase section */

/* Begin PBXTargetDependency section */
		C445EED3216E86B800851939 /* PBXTargetDependency */ = {
			isa = PBXTargetDependency;
			target = C445EEC6216E86B800851939 /* NameThatColor */;
			targetProxy = C445EED2216E86B800851939 /* PBXContainerItemProxy */;
		};
/* End PBXTargetDependency section */

/* Begin XCBuildConfiguration section */
		C445EED9216E86B800851939 /* Debug */ = {
			isa = XCBuildConfiguration;
			buildSettings = {
				ALWAYS_SEARCH_USER_PATHS = NO;
				CLANG_ANALYZER_NONNULL = YES;
				CLANG_ANALYZER_NUMBER_OBJECT_CONVERSION = YES_AGGRESSIVE;
				CLANG_CXX_LANGUAGE_STANDARD = "gnu++14";
				CLANG_CXX_LIBRARY = "libc++";
				CLANG_ENABLE_MODULES = YES;
				CLANG_ENABLE_OBJC_ARC = YES;
				CLANG_ENABLE_OBJC_WEAK = YES;
				CLANG_WARN_BLOCK_CAPTURE_AUTORELEASING = YES;
				CLANG_WARN_BOOL_CONVERSION = YES;
				CLANG_WARN_COMMA = YES;
				CLANG_WARN_CONSTANT_CONVERSION = YES;
				CLANG_WARN_DEPRECATED_OBJC_IMPLEMENTATIONS = YES;
				CLANG_WARN_DIRECT_OBJC_ISA_USAGE = YES_ERROR;
				CLANG_WARN_DOCUMENTATION_COMMENTS = YES;
				CLANG_WARN_EMPTY_BODY = YES;
				CLANG_WARN_ENUM_CONVERSION = YES;
				CLANG_WARN_INFINITE_RECURSION = YES;
				CLANG_WARN_INT_CONVERSION = YES;
				CLANG_WARN_NON_LITERAL_NULL_CONVERSION = YES;
				CLANG_WARN_OBJC_IMPLICIT_RETAIN_SELF = YES;
				CLANG_WARN_OBJC_LITERAL_CONVERSION = YES;
				CLANG_WARN_OBJC_ROOT_CLASS = YES_ERROR;
				CLANG_WARN_RANGE_LOOP_ANALYSIS = YES;
				CLANG_WARN_STRICT_PROTOTYPES = YES;
				CLANG_WARN_SUSPICIOUS_MOVE = YES;
				CLANG_WARN_UNGUARDED_AVAILABILITY = YES_AGGRESSIVE;
				CLANG_WARN_UNREACHABLE_CODE = YES;
				CLANG_WARN__DUPLICATE_METHOD_MATCH = YES;
				CODE_SIGN_IDENTITY = "iPhone Developer";
				COPY_PHASE_STRIP = NO;
				CURRENT_PROJECT_VERSION = 1;
				DEBUG_INFORMATION_FORMAT = dwarf;
				ENABLE_STRICT_OBJC_MSGSEND = YES;
				ENABLE_TESTABILITY = YES;
				GCC_C_LANGUAGE_STANDARD = gnu11;
				GCC_DYNAMIC_NO_PIC = NO;
				GCC_NO_COMMON_BLOCKS = YES;
				GCC_OPTIMIZATION_LEVEL = 0;
				GCC_PREPROCESSOR_DEFINITIONS = (
					"DEBUG=1",
					"$(inherited)",
				);
				GCC_WARN_64_TO_32_BIT_CONVERSION = YES;
				GCC_WARN_ABOUT_RETURN_TYPE = YES_ERROR;
				GCC_WARN_UNDECLARED_SELECTOR = YES;
				GCC_WARN_UNINITIALIZED_AUTOS = YES_AGGRESSIVE;
				GCC_WARN_UNUSED_FUNCTION = YES;
				GCC_WARN_UNUSED_VARIABLE = YES;
				IPHONEOS_DEPLOYMENT_TARGET = 12.0;
				MTL_ENABLE_DEBUG_INFO = INCLUDE_SOURCE;
				MTL_FAST_MATH = YES;
				ONLY_ACTIVE_ARCH = YES;
				SDKROOT = iphoneos;
				SWIFT_ACTIVE_COMPILATION_CONDITIONS = DEBUG;
				SWIFT_OPTIMIZATION_LEVEL = "-Onone";
				VERSIONING_SYSTEM = "apple-generic";
				VERSION_INFO_PREFIX = "";
			};
			name = Debug;
		};
		C445EEDA216E86B800851939 /* Release */ = {
			isa = XCBuildConfiguration;
			buildSettings = {
				ALWAYS_SEARCH_USER_PATHS = NO;
				CLANG_ANALYZER_NONNULL = YES;
				CLANG_ANALYZER_NUMBER_OBJECT_CONVERSION = YES_AGGRESSIVE;
				CLANG_CXX_LANGUAGE_STANDARD = "gnu++14";
				CLANG_CXX_LIBRARY = "libc++";
				CLANG_ENABLE_MODULES = YES;
				CLANG_ENABLE_OBJC_ARC = YES;
				CLANG_ENABLE_OBJC_WEAK = YES;
				CLANG_WARN_BLOCK_CAPTURE_AUTORELEASING = YES;
				CLANG_WARN_BOOL_CONVERSION = YES;
				CLANG_WARN_COMMA = YES;
				CLANG_WARN_CONSTANT_CONVERSION = YES;
				CLANG_WARN_DEPRECATED_OBJC_IMPLEMENTATIONS = YES;
				CLANG_WARN_DIRECT_OBJC_ISA_USAGE = YES_ERROR;
				CLANG_WARN_DOCUMENTATION_COMMENTS = YES;
				CLANG_WARN_EMPTY_BODY = YES;
				CLANG_WARN_ENUM_CONVERSION = YES;
				CLANG_WARN_INFINITE_RECURSION = YES;
				CLANG_WARN_INT_CONVERSION = YES;
				CLANG_WARN_NON_LITERAL_NULL_CONVERSION = YES;
				CLANG_WARN_OBJC_IMPLICIT_RETAIN_SELF = YES;
				CLANG_WARN_OBJC_LITERAL_CONVERSION = YES;
				CLANG_WARN_OBJC_ROOT_CLASS = YES_ERROR;
				CLANG_WARN_RANGE_LOOP_ANALYSIS = YES;
				CLANG_WARN_STRICT_PROTOTYPES = YES;
				CLANG_WARN_SUSPICIOUS_MOVE = YES;
				CLANG_WARN_UNGUARDED_AVAILABILITY = YES_AGGRESSIVE;
				CLANG_WARN_UNREACHABLE_CODE = YES;
				CLANG_WARN__DUPLICATE_METHOD_MATCH = YES;
				CODE_SIGN_IDENTITY = "iPhone Developer";
				COPY_PHASE_STRIP = NO;
				CURRENT_PROJECT_VERSION = 1;
				DEBUG_INFORMATION_FORMAT = "dwarf-with-dsym";
				ENABLE_NS_ASSERTIONS = NO;
				ENABLE_STRICT_OBJC_MSGSEND = YES;
				GCC_C_LANGUAGE_STANDARD = gnu11;
				GCC_NO_COMMON_BLOCKS = YES;
				GCC_WARN_64_TO_32_BIT_CONVERSION = YES;
				GCC_WARN_ABOUT_RETURN_TYPE = YES_ERROR;
				GCC_WARN_UNDECLARED_SELECTOR = YES;
				GCC_WARN_UNINITIALIZED_AUTOS = YES_AGGRESSIVE;
				GCC_WARN_UNUSED_FUNCTION = YES;
				GCC_WARN_UNUSED_VARIABLE = YES;
				IPHONEOS_DEPLOYMENT_TARGET = 12.0;
				MTL_ENABLE_DEBUG_INFO = NO;
				MTL_FAST_MATH = YES;
				SDKROOT = iphoneos;
				SWIFT_COMPILATION_MODE = wholemodule;
				SWIFT_OPTIMIZATION_LEVEL = "-O";
				VALIDATE_PRODUCT = YES;
				VERSIONING_SYSTEM = "apple-generic";
				VERSION_INFO_PREFIX = "";
			};
			name = Release;
		};
		C445EEDC216E86B800851939 /* Debug */ = {
			isa = XCBuildConfiguration;
			buildSettings = {
				CLANG_ENABLE_MODULES = YES;
				CODE_SIGN_IDENTITY = "";
				CODE_SIGN_STYLE = Automatic;
				DEFINES_MODULE = YES;
				DEVELOPMENT_TEAM = SMQ3E8Y57T;
				DYLIB_COMPATIBILITY_VERSION = 1;
				DYLIB_CURRENT_VERSION = 1;
				DYLIB_INSTALL_NAME_BASE = "@rpath";
				INFOPLIST_FILE = NameThatColor/Info.plist;
				INSTALL_PATH = "$(LOCAL_LIBRARY_DIR)/Frameworks";
				LD_RUNPATH_SEARCH_PATHS = (
					"$(inherited)",
					"@executable_path/Frameworks",
					"@loader_path/Frameworks",
				);
				PRODUCT_BUNDLE_IDENTIFIER = se.everlof.NameThatColor;
				PRODUCT_NAME = "$(TARGET_NAME:c99extidentifier)";
				SKIP_INSTALL = YES;
				SWIFT_OPTIMIZATION_LEVEL = "-Onone";
				SWIFT_VERSION = 4.2;
				TARGETED_DEVICE_FAMILY = "1,2";
			};
			name = Debug;
		};
		C445EEDD216E86B800851939 /* Release */ = {
			isa = XCBuildConfiguration;
			buildSettings = {
				CLANG_ENABLE_MODULES = YES;
				CODE_SIGN_IDENTITY = "";
				CODE_SIGN_STYLE = Automatic;
				DEFINES_MODULE = YES;
				DEVELOPMENT_TEAM = SMQ3E8Y57T;
				DYLIB_COMPATIBILITY_VERSION = 1;
				DYLIB_CURRENT_VERSION = 1;
				DYLIB_INSTALL_NAME_BASE = "@rpath";
				INFOPLIST_FILE = NameThatColor/Info.plist;
				INSTALL_PATH = "$(LOCAL_LIBRARY_DIR)/Frameworks";
				LD_RUNPATH_SEARCH_PATHS = (
					"$(inherited)",
					"@executable_path/Frameworks",
					"@loader_path/Frameworks",
				);
				PRODUCT_BUNDLE_IDENTIFIER = se.everlof.NameThatColor;
				PRODUCT_NAME = "$(TARGET_NAME:c99extidentifier)";
				SKIP_INSTALL = YES;
				SWIFT_VERSION = 4.2;
				TARGETED_DEVICE_FAMILY = "1,2";
			};
			name = Release;
		};
		C445EEDF216E86B800851939 /* Debug */ = {
			isa = XCBuildConfiguration;
			buildSettings = {
				ALWAYS_EMBED_SWIFT_STANDARD_LIBRARIES = YES;
				CODE_SIGN_STYLE = Automatic;
				DEVELOPMENT_TEAM = SMQ3E8Y57T;
				INFOPLIST_FILE = NameThatColorTests/Info.plist;
				LD_RUNPATH_SEARCH_PATHS = (
					"$(inherited)",
					"@executable_path/Frameworks",
					"@loader_path/Frameworks",
				);
				PRODUCT_BUNDLE_IDENTIFIER = se.everlof.NameThatColorTests;
				PRODUCT_NAME = "$(TARGET_NAME)";
				SWIFT_VERSION = 4.2;
				TARGETED_DEVICE_FAMILY = "1,2";
			};
			name = Debug;
		};
		C445EEE0216E86B800851939 /* Release */ = {
			isa = XCBuildConfiguration;
			buildSettings = {
				ALWAYS_EMBED_SWIFT_STANDARD_LIBRARIES = YES;
				CODE_SIGN_STYLE = Automatic;
				DEVELOPMENT_TEAM = SMQ3E8Y57T;
				INFOPLIST_FILE = NameThatColorTests/Info.plist;
				LD_RUNPATH_SEARCH_PATHS = (
					"$(inherited)",
					"@executable_path/Frameworks",
					"@loader_path/Frameworks",
				);
				PRODUCT_BUNDLE_IDENTIFIER = se.everlof.NameThatColorTests;
				PRODUCT_NAME = "$(TARGET_NAME)";
				SWIFT_VERSION = 4.2;
				TARGETED_DEVICE_FAMILY = "1,2";
			};
			name = Release;
		};
/* End XCBuildConfiguration section */

/* Begin XCConfigurationList section */
		C445EEC1216E86B800851939 /* Build configuration list for PBXProject "NameThatColor" */ = {
			isa = XCConfigurationList;
			buildConfigurations = (
				C445EED9216E86B800851939 /* Debug */,
				C445EEDA216E86B800851939 /* Release */,
			);
			defaultConfigurationIsVisible = 0;
			defaultConfigurationName = Release;
		};
		C445EEDB216E86B800851939 /* Build configuration list for PBXNativeTarget "NameThatColor" */ = {
			isa = XCConfigurationList;
			buildConfigurations = (
				C445EEDC216E86B800851939 /* Debug */,
				C445EEDD216E86B800851939 /* Release */,
			);
			defaultConfigurationIsVisible = 0;
			defaultConfigurationName = Release;
		};
		C445EEDE216E86B800851939 /* Build configuration list for PBXNativeTarget "NameThatColorTests" */ = {
			isa = XCConfigurationList;
			buildConfigurations = (
				C445EEDF216E86B800851939 /* Debug */,
				C445EEE0216E86B800851939 /* Release */,
			);
			defaultConfigurationIsVisible = 0;
			defaultConfigurationName = Release;
		};
/* End XCConfigurationList section */
	};
	rootObject = C445EEBE216E86B800851939 /* Project object */;
}
